
Microsoft Visual Studio Solution File, Format Version 12.00
# Visual Studio Version 17
VisualStudioVersion = 17.6.33723.286
MinimumVisualStudioVersion = 10.0.40219.1
Project("{FAE04EC0-301F-11D3-BF4B-00C04F79EFBC}") = "Act5Partie1", "Act5Partie1\Act5Partie1.csproj", "{0B0014B0-CF1B-49F6-912B-4664744F9817}"
EndProject
Global
	GlobalSection(SolutionConfigurationPlatforms) = preSolution
		Debug|Any CPU = Debug|Any CPU
		Release|Any CPU = Release|Any CPU
	EndGlobalSection
	GlobalSection(ProjectConfigurationPlatforms) = postSolution
		{0B0014B0-CF1B-49F6-912B-4664744F9817}.Debug|Any CPU.ActiveCfg = Debug|Any CPU
		{0B0014B0-CF1B-49F6-912B-4664744F9817}.Debug|Any CPU.Build.0 = Debug|Any CPU
		{0B0014B0-CF1B-49F6-912B-4664744F9817}.Release|Any CPU.ActiveCfg = Release|Any CPU
		{0B0014B0-CF1B-49F6-912B-4664744F9817}.Release|Any CPU.Build.0 = Release|Any CPU
	EndGlobalSection
	GlobalSection(SolutionProperties) = preSolution
		HideSolutionNode = FALSE
	EndGlobalSection
	GlobalSection(ExtensibilityGlobals) = postSolution
		SolutionGuid = {87882FC0-63C6-42C4-A359-2463941DC958}
	EndGlobalSection
EndGlobal
