
Microsoft Visual Studio Solution File, Format Version 12.00
# Visual Studio Version 17
VisualStudioVersion = 17.7.34018.315
MinimumVisualStudioVersion = 10.0.40219.1
Project("{FAE04EC0-301F-11D3-BF4B-00C04F79EFBC}") = "GTuillaumeC_Act0XAML", "GTuillaumeC_Act0XAML\GTuillaumeC_Act0XAML.csproj", "{272A737F-C834-43FE-A889-6AD80C9A8E9F}"
EndProject
Global
	GlobalSection(SolutionConfigurationPlatforms) = preSolution
		Debug|Any CPU = Debug|Any CPU
		Release|Any CPU = Release|Any CPU
	EndGlobalSection
	GlobalSection(ProjectConfigurationPlatforms) = postSolution
		{272A737F-C834-43FE-A889-6AD80C9A8E9F}.Debug|Any CPU.ActiveCfg = Debug|Any CPU
		{272A737F-C834-43FE-A889-6AD80C9A8E9F}.Debug|Any CPU.Build.0 = Debug|Any CPU
		{272A737F-C834-43FE-A889-6AD80C9A8E9F}.Release|Any CPU.ActiveCfg = Release|Any CPU
		{272A737F-C834-43FE-A889-6AD80C9A8E9F}.Release|Any CPU.Build.0 = Release|Any CPU
	EndGlobalSection
	GlobalSection(SolutionProperties) = preSolution
		HideSolutionNode = FALSE
	EndGlobalSection
	GlobalSection(ExtensibilityGlobals) = postSolution
		SolutionGuid = {91C35CCC-E0A2-49E7-906A-47BD21612F99}
	EndGlobalSection
EndGlobal
