
Microsoft Visual Studio Solution File, Format Version 12.00
# Visual Studio Version 17
VisualStudioVersion = 17.6.33723.286
MinimumVisualStudioVersion = 10.0.40219.1
Project("{FAE04EC0-301F-11D3-BF4B-00C04F79EFBC}") = "ACT_6_POO_Ex_3_GuillaumeCollin", "ACT_6_POO_Ex_3_GuillaumeCollin\ACT_6_POO_Ex_3_GuillaumeCollin.csproj", "{575E61E1-5DDF-4514-B328-13F2F6A5B455}"
EndProject
Global
	GlobalSection(SolutionConfigurationPlatforms) = preSolution
		Debug|Any CPU = Debug|Any CPU
		Release|Any CPU = Release|Any CPU
	EndGlobalSection
	GlobalSection(ProjectConfigurationPlatforms) = postSolution
		{575E61E1-5DDF-4514-B328-13F2F6A5B455}.Debug|Any CPU.ActiveCfg = Debug|Any CPU
		{575E61E1-5DDF-4514-B328-13F2F6A5B455}.Debug|Any CPU.Build.0 = Debug|Any CPU
		{575E61E1-5DDF-4514-B328-13F2F6A5B455}.Release|Any CPU.ActiveCfg = Release|Any CPU
		{575E61E1-5DDF-4514-B328-13F2F6A5B455}.Release|Any CPU.Build.0 = Release|Any CPU
	EndGlobalSection
	GlobalSection(SolutionProperties) = preSolution
		HideSolutionNode = FALSE
	EndGlobalSection
	GlobalSection(ExtensibilityGlobals) = postSolution
		SolutionGuid = {928B171B-8889-4F28-9FA2-59319B4C56A0}
	EndGlobalSection
EndGlobal
