
Microsoft Visual Studio Solution File, Format Version 12.00
# Visual Studio Version 17
VisualStudioVersion = 17.6.33723.286
MinimumVisualStudioVersion = 10.0.40219.1
Project("{FAE04EC0-301F-11D3-BF4B-00C04F79EFBC}") = "ACT_3_EX_WPF_OBJET_EVENTS_GuillaumeCollin", "ACT_3_EX_WPF_OBJET_EVENTS_GuillaumeCollin\ACT_3_EX_WPF_OBJET_EVENTS_GuillaumeCollin.csproj", "{1B19445C-D363-4972-B82A-6E783E54E8DA}"
EndProject
Global
	GlobalSection(SolutionConfigurationPlatforms) = preSolution
		Debug|Any CPU = Debug|Any CPU
		Release|Any CPU = Release|Any CPU
	EndGlobalSection
	GlobalSection(ProjectConfigurationPlatforms) = postSolution
		{1B19445C-D363-4972-B82A-6E783E54E8DA}.Debug|Any CPU.ActiveCfg = Debug|Any CPU
		{1B19445C-D363-4972-B82A-6E783E54E8DA}.Debug|Any CPU.Build.0 = Debug|Any CPU
		{1B19445C-D363-4972-B82A-6E783E54E8DA}.Release|Any CPU.ActiveCfg = Release|Any CPU
		{1B19445C-D363-4972-B82A-6E783E54E8DA}.Release|Any CPU.Build.0 = Release|Any CPU
	EndGlobalSection
	GlobalSection(SolutionProperties) = preSolution
		HideSolutionNode = FALSE
	EndGlobalSection
	GlobalSection(ExtensibilityGlobals) = postSolution
		SolutionGuid = {D648A6DC-8127-4D96-AA6F-28019DB2E719}
	EndGlobalSection
EndGlobal
