
Microsoft Visual Studio Solution File, Format Version 12.00
# Visual Studio Version 17
VisualStudioVersion = 17.6.33723.286
MinimumVisualStudioVersion = 10.0.40219.1
Project("{FAE04EC0-301F-11D3-BF4B-00C04F79EFBC}") = "ACT_3_WPF", "ACT_3_WPF\ACT_3_WPF.csproj", "{A7632D2C-3DAF-4739-B513-FC71CFE1566B}"
EndProject
Global
	GlobalSection(SolutionConfigurationPlatforms) = preSolution
		Debug|Any CPU = Debug|Any CPU
		Release|Any CPU = Release|Any CPU
	EndGlobalSection
	GlobalSection(ProjectConfigurationPlatforms) = postSolution
		{A7632D2C-3DAF-4739-B513-FC71CFE1566B}.Debug|Any CPU.ActiveCfg = Debug|Any CPU
		{A7632D2C-3DAF-4739-B513-FC71CFE1566B}.Debug|Any CPU.Build.0 = Debug|Any CPU
		{A7632D2C-3DAF-4739-B513-FC71CFE1566B}.Release|Any CPU.ActiveCfg = Release|Any CPU
		{A7632D2C-3DAF-4739-B513-FC71CFE1566B}.Release|Any CPU.Build.0 = Release|Any CPU
	EndGlobalSection
	GlobalSection(SolutionProperties) = preSolution
		HideSolutionNode = FALSE
	EndGlobalSection
	GlobalSection(ExtensibilityGlobals) = postSolution
		SolutionGuid = {D426C757-92CA-437B-87D5-CD4FB74F578C}
	EndGlobalSection
EndGlobal
