
Microsoft Visual Studio Solution File, Format Version 12.00
# Visual Studio Version 17
VisualStudioVersion = 17.6.33723.286
MinimumVisualStudioVersion = 10.0.40219.1
Project("{FAE04EC0-301F-11D3-BF4B-00C04F79EFBC}") = "ACT_6POO_ex2GuillaumeCollin", "ACT_6POO_ex2GuillaumeCollin\ACT_6POO_ex2GuillaumeCollin.csproj", "{397F19C1-89CE-4C33-8D91-96031D8562BB}"
EndProject
Global
	GlobalSection(SolutionConfigurationPlatforms) = preSolution
		Debug|Any CPU = Debug|Any CPU
		Release|Any CPU = Release|Any CPU
	EndGlobalSection
	GlobalSection(ProjectConfigurationPlatforms) = postSolution
		{397F19C1-89CE-4C33-8D91-96031D8562BB}.Debug|Any CPU.ActiveCfg = Debug|Any CPU
		{397F19C1-89CE-4C33-8D91-96031D8562BB}.Debug|Any CPU.Build.0 = Debug|Any CPU
		{397F19C1-89CE-4C33-8D91-96031D8562BB}.Release|Any CPU.ActiveCfg = Release|Any CPU
		{397F19C1-89CE-4C33-8D91-96031D8562BB}.Release|Any CPU.Build.0 = Release|Any CPU
	EndGlobalSection
	GlobalSection(SolutionProperties) = preSolution
		HideSolutionNode = FALSE
	EndGlobalSection
	GlobalSection(ExtensibilityGlobals) = postSolution
		SolutionGuid = {A7959472-CC75-4A47-A309-59052C356FE7}
	EndGlobalSection
EndGlobal
