
Microsoft Visual Studio Solution File, Format Version 12.00
# Visual Studio Version 17
VisualStudioVersion = 17.6.33723.286
MinimumVisualStudioVersion = 10.0.40219.1
Project("{FAE04EC0-301F-11D3-BF4B-00C04F79EFBC}") = "ACT_6_POO_Ex_1_GuillaumeCollin", "ACT_6_POO_Ex_1_GuillaumeCollin\ACT_6_POO_Ex_1_GuillaumeCollin.csproj", "{2720BFF4-B5BB-4F3E-AFE7-A45CDAF0CA06}"
EndProject
Global
	GlobalSection(SolutionConfigurationPlatforms) = preSolution
		Debug|Any CPU = Debug|Any CPU
		Release|Any CPU = Release|Any CPU
	EndGlobalSection
	GlobalSection(ProjectConfigurationPlatforms) = postSolution
		{2720BFF4-B5BB-4F3E-AFE7-A45CDAF0CA06}.Debug|Any CPU.ActiveCfg = Debug|Any CPU
		{2720BFF4-B5BB-4F3E-AFE7-A45CDAF0CA06}.Debug|Any CPU.Build.0 = Debug|Any CPU
		{2720BFF4-B5BB-4F3E-AFE7-A45CDAF0CA06}.Release|Any CPU.ActiveCfg = Release|Any CPU
		{2720BFF4-B5BB-4F3E-AFE7-A45CDAF0CA06}.Release|Any CPU.Build.0 = Release|Any CPU
	EndGlobalSection
	GlobalSection(SolutionProperties) = preSolution
		HideSolutionNode = FALSE
	EndGlobalSection
	GlobalSection(ExtensibilityGlobals) = postSolution
		SolutionGuid = {4EC5CBBF-2E4E-4124-A6AB-A1451DD6CF27}
	EndGlobalSection
EndGlobal
