
Microsoft Visual Studio Solution File, Format Version 12.00
# Visual Studio Version 17
VisualStudioVersion = 17.6.33723.286
MinimumVisualStudioVersion = 10.0.40219.1
Project("{FAE04EC0-301F-11D3-BF4B-00C04F79EFBC}") = "UAA14_I3_GuillaumeCollin", "UAA14_I3_GuillaumeCollin\UAA14_I3_GuillaumeCollin.csproj", "{310438AF-74EA-4AD5-A687-B959C00941EC}"
EndProject
Global
	GlobalSection(SolutionConfigurationPlatforms) = preSolution
		Debug|Any CPU = Debug|Any CPU
		Release|Any CPU = Release|Any CPU
	EndGlobalSection
	GlobalSection(ProjectConfigurationPlatforms) = postSolution
		{310438AF-74EA-4AD5-A687-B959C00941EC}.Debug|Any CPU.ActiveCfg = Debug|Any CPU
		{310438AF-74EA-4AD5-A687-B959C00941EC}.Debug|Any CPU.Build.0 = Debug|Any CPU
		{310438AF-74EA-4AD5-A687-B959C00941EC}.Release|Any CPU.ActiveCfg = Release|Any CPU
		{310438AF-74EA-4AD5-A687-B959C00941EC}.Release|Any CPU.Build.0 = Release|Any CPU
	EndGlobalSection
	GlobalSection(SolutionProperties) = preSolution
		HideSolutionNode = FALSE
	EndGlobalSection
	GlobalSection(ExtensibilityGlobals) = postSolution
		SolutionGuid = {DD0A1570-3850-4129-871C-62E25F59CA4C}
	EndGlobalSection
EndGlobal
