
Microsoft Visual Studio Solution File, Format Version 12.00
# Visual Studio Version 17
VisualStudioVersion = 17.6.33815.320
MinimumVisualStudioVersion = 10.0.40219.1
Project("{FAE04EC0-301F-11D3-BF4B-00C04F79EFBC}") = "CeUAA14Partie2_dec23_Guillaume_Collin", "CeUAA14Partie2_dec23_Guillaume_Collin\CeUAA14Partie2_dec23_Guillaume_Collin.csproj", "{A983F9DB-EAC2-4F97-94D7-E33E6F64BE60}"
EndProject
Global
	GlobalSection(SolutionConfigurationPlatforms) = preSolution
		Debug|Any CPU = Debug|Any CPU
		Release|Any CPU = Release|Any CPU
	EndGlobalSection
	GlobalSection(ProjectConfigurationPlatforms) = postSolution
		{A983F9DB-EAC2-4F97-94D7-E33E6F64BE60}.Debug|Any CPU.ActiveCfg = Debug|Any CPU
		{A983F9DB-EAC2-4F97-94D7-E33E6F64BE60}.Debug|Any CPU.Build.0 = Debug|Any CPU
		{A983F9DB-EAC2-4F97-94D7-E33E6F64BE60}.Release|Any CPU.ActiveCfg = Release|Any CPU
		{A983F9DB-EAC2-4F97-94D7-E33E6F64BE60}.Release|Any CPU.Build.0 = Release|Any CPU
	EndGlobalSection
	GlobalSection(SolutionProperties) = preSolution
		HideSolutionNode = FALSE
	EndGlobalSection
	GlobalSection(ExtensibilityGlobals) = postSolution
		SolutionGuid = {DA3AD57A-BEAC-4AB3-9451-4DDAB80F17C3}
	EndGlobalSection
EndGlobal
