
Microsoft Visual Studio Solution File, Format Version 12.00
# Visual Studio Version 17
VisualStudioVersion = 17.7.34018.315
MinimumVisualStudioVersion = 10.0.40219.1
Project("{FAE04EC0-301F-11D3-BF4B-00C04F79EFBC}") = "GTuillaumeC_Act0XAML(2)", "GTuillaumeC_Act0XAML(2)\GTuillaumeC_Act0XAML(2).csproj", "{4952E3BA-EEA1-428D-99FB-A65316ED6233}"
EndProject
Global
	GlobalSection(SolutionConfigurationPlatforms) = preSolution
		Debug|Any CPU = Debug|Any CPU
		Release|Any CPU = Release|Any CPU
	EndGlobalSection
	GlobalSection(ProjectConfigurationPlatforms) = postSolution
		{4952E3BA-EEA1-428D-99FB-A65316ED6233}.Debug|Any CPU.ActiveCfg = Debug|Any CPU
		{4952E3BA-EEA1-428D-99FB-A65316ED6233}.Debug|Any CPU.Build.0 = Debug|Any CPU
		{4952E3BA-EEA1-428D-99FB-A65316ED6233}.Release|Any CPU.ActiveCfg = Release|Any CPU
		{4952E3BA-EEA1-428D-99FB-A65316ED6233}.Release|Any CPU.Build.0 = Release|Any CPU
	EndGlobalSection
	GlobalSection(SolutionProperties) = preSolution
		HideSolutionNode = FALSE
	EndGlobalSection
	GlobalSection(ExtensibilityGlobals) = postSolution
		SolutionGuid = {D7C19E04-775E-481C-98C0-14F7604C71B2}
	EndGlobalSection
EndGlobal
